
Microsoft Visual Studio Solution File, Format Version 12.00
# Visual Studio 15
VisualStudioVersion = 15.0.28307.1145
MinimumVisualStudioVersion = 10.0.40219.1
Project("{8BC9CEB8-8B4A-11D0-8D11-00A0C91BC942}") = "makeACeP", "makeACeP\makeACeP.vcxproj", "{52992943-DFAE-4F88-8348-152CBB42E830}"
EndProject
Global
	GlobalSection(SolutionConfigurationPlatforms) = preSolution
		Debug|x64 = Debug|x64
		Debug|x86 = Debug|x86
		Release|x64 = Release|x64
		Release|x86 = Release|x86
	EndGlobalSection
	GlobalSection(ProjectConfigurationPlatforms) = postSolution
		{52992943-DFAE-4F88-8348-152CBB42E830}.Debug|x64.ActiveCfg = Debug|x64
		{52992943-DFAE-4F88-8348-152CBB42E830}.Debug|x64.Build.0 = Debug|x64
		{52992943-DFAE-4F88-8348-152CBB42E830}.Debug|x86.ActiveCfg = Debug|Win32
		{52992943-DFAE-4F88-8348-152CBB42E830}.Debug|x86.Build.0 = Debug|Win32
		{52992943-DFAE-4F88-8348-152CBB42E830}.Release|x64.ActiveCfg = Release|x64
		{52992943-DFAE-4F88-8348-152CBB42E830}.Release|x64.Build.0 = Release|x64
		{52992943-DFAE-4F88-8348-152CBB42E830}.Release|x86.ActiveCfg = Release|Win32
		{52992943-DFAE-4F88-8348-152CBB42E830}.Release|x86.Build.0 = Release|Win32
	EndGlobalSection
	GlobalSection(SolutionProperties) = preSolution
		HideSolutionNode = FALSE
	EndGlobalSection
	GlobalSection(ExtensibilityGlobals) = postSolution
		SolutionGuid = {A46BF57B-C512-4B09-9733-ACE5F82051A1}
	EndGlobalSection
EndGlobal
