
Microsoft Visual Studio Solution File, Format Version 12.00
# Visual Studio 15
VisualStudioVersion = 15.0.28307.1145
MinimumVisualStudioVersion = 10.0.40219.1
Project("{FAE04EC0-301F-11D3-BF4B-00C04F79EFBC}") = "ACePview", "ACePview\ACePview.csproj", "{D19DAC30-08A9-4692-87BB-489D92CB6047}"
EndProject
Global
	GlobalSection(SolutionConfigurationPlatforms) = preSolution
		Debug|Any CPU = Debug|Any CPU
		Release|Any CPU = Release|Any CPU
	EndGlobalSection
	GlobalSection(ProjectConfigurationPlatforms) = postSolution
		{D19DAC30-08A9-4692-87BB-489D92CB6047}.Debug|Any CPU.ActiveCfg = Debug|Any CPU
		{D19DAC30-08A9-4692-87BB-489D92CB6047}.Debug|Any CPU.Build.0 = Debug|Any CPU
		{D19DAC30-08A9-4692-87BB-489D92CB6047}.Release|Any CPU.ActiveCfg = Release|Any CPU
		{D19DAC30-08A9-4692-87BB-489D92CB6047}.Release|Any CPU.Build.0 = Release|Any CPU
	EndGlobalSection
	GlobalSection(SolutionProperties) = preSolution
		HideSolutionNode = FALSE
	EndGlobalSection
	GlobalSection(ExtensibilityGlobals) = postSolution
		SolutionGuid = {685BE3DC-4BA1-45BB-9EE2-6A41FEB9F395}
	EndGlobalSection
EndGlobal
